{
  "originHash" : "1c8a8ad6d5216f4f4ca104717b3a9b01cd285309ac4ed2b01d2c0964cb48f0d9",
  "pins" : [
    {
      "identity" : "swift-incits-4-1986",
      "kind" : "remoteSourceControl",
      "location" : "https://github.com/swift-standards/swift-incits-4-1986",
      "state" : {
        "revision" : "115caab78c68c5e42774a92aeb1c40bd6719bfac",
        "version" : "0.6.2"
      }
    },
    {
      "identity" : "swift-memory-allocation",
      "kind" : "remoteSourceControl",
      "location" : "https://github.com/coenttb/swift-memory-allocation",
      "state" : {
        "revision" : "0efbfb98b4a9dbc958e7c45b4f5a5cfa29cdbcb8",
        "version" : "0.1.0"
      }
    },
    {
      "identity" : "swift-numerics",
      "kind" : "remoteSourceControl",
      "location" : "https://github.com/apple/swift-numerics",
      "state" : {
        "revision" : "0c0290ff6b24942dadb83a929ffaaa1481df04a2",
        "version" : "1.1.1"
      }
    },
    {
      "identity" : "swift-rfc-4291",
      "kind" : "remoteSourceControl",
      "location" : "https://github.com/swift-standards/swift-rfc-4291",
      "state" : {
        "revision" : "a5f23a26b45a0e2318733543827e1f2035e2ebdb",
        "version" : "0.1.2"
      }
    },
    {
      "identity" : "swift-rfc-4648",
      "kind" : "remoteSourceControl",
      "location" : "https://github.com/swift-standards/swift-rfc-4648",
      "state" : {
        "revision" : "ea78a8c500d3e1fce15ccc97b28c9a85a21b5c33",
        "version" : "0.5.2"
      }
    },
    {
      "identity" : "swift-standards",
      "kind" : "remoteSourceControl",
      "location" : "https://github.com/swift-standards/swift-standards",
      "state" : {
        "revision" : "ccbf4e4c18f793bc858950d275624c1ef2a981a5",
        "version" : "0.10.0"
      }
    },
    {
      "identity" : "swift-testing-performance",
      "kind" : "remoteSourceControl",
      "location" : "https://github.com/coenttb/swift-testing-performance",
      "state" : {
        "revision" : "3694d3733ba9d6f8035c48fe48ab189be840da61",
        "version" : "0.1.1"
      }
    }
  ],
  "version" : 3
}
