{
  "originHash" : "c42944a0cb86e2bbcb1863184c99b802b11eb66000991fe817bcb43887d05d04",
  "pins" : [
    {
      "identity" : "swift-incits-4-1986",
      "kind" : "remoteSourceControl",
      "location" : "https://github.com/swift-standards/swift-incits-4-1986",
      "state" : {
        "revision" : "5e0ac8ce2e69663d690bc12993c9cebefffae613",
        "version" : "0.7.1"
      }
    },
    {
      "identity" : "swift-memory-allocation",
      "kind" : "remoteSourceControl",
      "location" : "https://github.com/coenttb/swift-memory-allocation",
      "state" : {
        "revision" : "afe7e86f16981007b841470d5ea79f0026868bc3",
        "version" : "0.2.0"
      }
    },
    {
      "identity" : "swift-numerics",
      "kind" : "remoteSourceControl",
      "location" : "https://github.com/apple/swift-numerics",
      "state" : {
        "revision" : "0c0290ff6b24942dadb83a929ffaaa1481df04a2",
        "version" : "1.1.1"
      }
    },
    {
      "identity" : "swift-rfc-4291",
      "kind" : "remoteSourceControl",
      "location" : "https://github.com/swift-standards/swift-rfc-4291",
      "state" : {
        "revision" : "e209bd09264801c91985aa2d6e7f7b7f5daf6cf6",
        "version" : "0.2.0"
      }
    },
    {
      "identity" : "swift-rfc-4648",
      "kind" : "remoteSourceControl",
      "location" : "https://github.com/swift-standards/swift-rfc-4648",
      "state" : {
        "revision" : "029f384ec63890d98da9a09844bb2ef91a176872",
        "version" : "0.6.0"
      }
    },
    {
      "identity" : "swift-standards",
      "kind" : "remoteSourceControl",
      "location" : "https://github.com/swift-standards/swift-standards",
      "state" : {
        "revision" : "6586b6964aa0ea55944a7f6541ae7427f3cf98eb",
        "version" : "0.21.0"
      }
    },
    {
      "identity" : "swift-syntax",
      "kind" : "remoteSourceControl",
      "location" : "https://github.com/swiftlang/swift-syntax",
      "state" : {
        "revision" : "4799286537280063c85a32f09884cfbca301b1a1",
        "version" : "602.0.0"
      }
    },
    {
      "identity" : "swift-testing-performance",
      "kind" : "remoteSourceControl",
      "location" : "https://github.com/coenttb/swift-testing-performance",
      "state" : {
        "revision" : "1a1967f7acfcb081e57122db463817c142cc7186",
        "version" : "0.3.1"
      }
    }
  ],
  "version" : 3
}
